{
  "nodes": {
    "nixpkgs": {
      "locked": {
        "lastModified": 1772624091,
        "narHash": "sha256-QKyJ0QGWBn6r0invrMAK8dmJoBYWoOWy7lN+UHzW1jc=",
        "owner": "NixOS",
        "repo": "nixpkgs",
        "rev": "80bdc1e5ce51f56b19791b52b2901187931f5353",
        "type": "github"
      },
      "original": {
        "owner": "NixOS",
        "ref": "nixos-unstable",
        "repo": "nixpkgs",
        "type": "github"
      }
    },
    "pyproject-nix": {
      "inputs": {
        "nixpkgs": [
          "nixpkgs"
        ]
      },
      "locked": {
        "lastModified": 1771518446,
        "narHash": "sha256-nFJSfD89vWTu92KyuJWDoTQJuoDuddkJV3TlOl1cOic=",
        "owner": "pyproject-nix",
        "repo": "pyproject.nix",
        "rev": "eb204c6b3335698dec6c7fc1da0ebc3c6df05937",
        "type": "github"
      },
      "original": {
        "owner": "pyproject-nix",
        "repo": "pyproject.nix",
        "type": "github"
      }
    },
    "root": {
      "inputs": {
        "nixpkgs": "nixpkgs",
        "pyproject-nix": "pyproject-nix"
      }
    }
  },
  "root": "root",
  "version": 7
}
